// !$*UTF8*$!
{
	archiveVersion = 1;
	classes = {
	};
	objectVersion = 50;
	objects = {

/* Begin PBXBuildFile section */
		4853469526C2247D009752EA /* AppDelegate.swift in Sources */ = {isa = PBXBuildFile; fileRef = 4853469426C2247D009752EA /* AppDelegate.swift */; };
		4853469726C2247D009752EA /* SceneDelegate.swift in Sources */ = {isa = PBXBuildFile; fileRef = 4853469626C2247D009752EA /* SceneDelegate.swift */; };
		4853469926C2247D009752EA /* ViewController.swift in Sources */ = {isa = PBXBuildFile; fileRef = 4853469826C2247D009752EA /* ViewController.swift */; };
		4853469C26C2247D009752EA /* Main.storyboard in Resources */ = {isa = PBXBuildFile; fileRef = 4853469A26C2247D009752EA /* Main.storyboard */; };
		4853469F26C2247D009752EA /* sFlora.xcdatamodeld in Sources */ = {isa = PBXBuildFile; fileRef = 4853469D26C2247D009752EA /* sFlora.xcdatamodeld */; };
		485346A126C2247F009752EA /* Assets.xcassets in Resources */ = {isa = PBXBuildFile; fileRef = 485346A026C2247F009752EA /* Assets.xcassets */; };
		485346A426C2247F009752EA /* LaunchScreen.storyboard in Resources */ = {isa = PBXBuildFile; fileRef = 485346A226C2247F009752EA /* LaunchScreen.storyboard */; };
/* End PBXBuildFile section */

/* Begin PBXFileReference section */
		4853469126C2247D009752EA /* sFlora.app */ = {isa = PBXFileReference; explicitFileType = wrapper.application; includeInIndex = 0; path = sFlora.app; sourceTree = BUILT_PRODUCTS_DIR; };
		4853469426C2247D009752EA /* AppDelegate.swift */ = {isa = PBXFileReference; lastKnownFileType = sourcecode.swift; path = AppDelegate.swift; sourceTree = "<group>"; };
		4853469626C2247D009752EA /* SceneDelegate.swift */ = {isa = PBXFileReference; lastKnownFileType = sourcecode.swift; path = SceneDelegate.swift; sourceTree = "<group>"; };
		4853469826C2247D009752EA /* ViewController.swift */ = {isa = PBXFileReference; lastKnownFileType = sourcecode.swift; path = ViewController.swift; sourceTree = "<group>"; };
		4853469B26C2247D009752EA /* Base */ = {isa = PBXFileReference; lastKnownFileType = file.storyboard; name = Base; path = Base.lproj/Main.storyboard; sourceTree = "<group>"; };
		4853469E26C2247D009752EA /* sFlora.xcdatamodel */ = {isa = PBXFileReference; lastKnownFileType = wrapper.xcdatamodel; path = sFlora.xcdatamodel; sourceTree = "<group>"; };
		485346A026C2247F009752EA /* Assets.xcassets */ = {isa = PBXFileReference; lastKnownFileType = folder.assetcatalog; path = Assets.xcassets; sourceTree = "<group>"; };
		485346A326C2247F009752EA /* Base */ = {isa = PBXFileReference; lastKnownFileType = file.storyboard; name = Base; path = Base.lproj/LaunchScreen.storyboard; sourceTree = "<group>"; };
		485346A526C2247F009752EA /* Info.plist */ = {isa = PBXFileReference; lastKnownFileType = text.plist.xml; path = Info.plist; sourceTree = "<group>"; };
/* End PBXFileReference section */

/* Begin PBXFrameworksBuildPhase section */
		4853468E26C2247D009752EA /* Frameworks */ = {
			isa = PBXFrameworksBuildPhase;
			buildActionMask = 2147483647;
			files = (
			);
			runOnlyForDeploymentPostprocessing = 0;
		};
/* End PBXFrameworksBuildPhase section */

/* Begin PBXGroup section */
		4853468826C2247D009752EA = {
			isa = PBXGroup;
			children = (
				4853469326C2247D009752EA /* sFlora */,
				4853469226C2247D009752EA /* Products */,
			);
			sourceTree = "<group>";
		};
		4853469226C2247D009752EA /* Products */ = {
			isa = PBXGroup;
			children = (
				4853469126C2247D009752EA /* sFlora.app */,
			);
			name = Products;
			sourceTree = "<group>";
		};
		4853469326C2247D009752EA /* sFlora */ = {
			isa = PBXGroup;
			children = (
				4853469426C2247D009752EA /* AppDelegate.swift */,
				4853469626C2247D009752EA /* SceneDelegate.swift */,
				4853469826C2247D009752EA /* ViewController.swift */,
				4853469A26C2247D009752EA /* Main.storyboard */,
				485346A026C2247F009752EA /* Assets.xcassets */,
				485346A226C2247F009752EA /* LaunchScreen.storyboard */,
				485346A526C2247F009752EA /* Info.plist */,
				4853469D26C2247D009752EA /* sFlora.xcdatamodeld */,
			);
			path = sFlora;
			sourceTree = "<group>";
		};
/* End PBXGroup section */

/* Begin PBXNativeTarget section */
		4853469026C2247D009752EA /* sFlora */ = {
			isa = PBXNativeTarget;
			buildConfigurationList = 485346A826C2247F009752EA /* Build configuration list for PBXNativeTarget "sFlora" */;
			buildPhases = (
				4853468D26C2247D009752EA /* Sources */,
				4853468E26C2247D009752EA /* Frameworks */,
				4853468F26C2247D009752EA /* Resources */,
			);
			buildRules = (
			);
			dependencies = (
			);
			name = sFlora;
			productName = sFlora;
			productReference = 4853469126C2247D009752EA /* sFlora.app */;
			productType = "com.apple.product-type.application";
		};
/* End PBXNativeTarget section */

/* Begin PBXProject section */
		4853468926C2247D009752EA /* Project object */ = {
			isa = PBXProject;
			attributes = {
				LastSwiftUpdateCheck = 1250;
				LastUpgradeCheck = 1250;
				TargetAttributes = {
					4853469026C2247D009752EA = {
						CreatedOnToolsVersion = 12.5.1;
					};
				};
			};
			buildConfigurationList = 4853468C26C2247D009752EA /* Build configuration list for PBXProject "sFlora" */;
			compatibilityVersion = "Xcode 9.3";
			developmentRegion = en;
			hasScannedForEncodings = 0;
			knownRegions = (
				en,
				Base,
			);
			mainGroup = 4853468826C2247D009752EA;
			productRefGroup = 4853469226C2247D009752EA /* Products */;
			projectDirPath = "";
			projectRoot = "";
			targets = (
				4853469026C2247D009752EA /* sFlora */,
			);
		};
/* End PBXProject section */

/* Begin PBXResourcesBuildPhase section */
		4853468F26C2247D009752EA /* Resources */ = {
			isa = PBXResourcesBuildPhase;
			buildActionMask = 2147483647;
			files = (
				485346A426C2247F009752EA /* LaunchScreen.storyboard in Resources */,
				485346A126C2247F009752EA /* Assets.xcassets in Resources */,
				4853469C26C2247D009752EA /* Main.storyboard in Resources */,
			);
			runOnlyForDeploymentPostprocessing = 0;
		};
/* End PBXResourcesBuildPhase section */

/* Begin PBXSourcesBuildPhase section */
		4853468D26C2247D009752EA /* Sources */ = {
			isa = PBXSourcesBuildPhase;
			buildActionMask = 2147483647;
			files = (
				4853469926C2247D009752EA /* ViewController.swift in Sources */,
				4853469526C2247D009752EA /* AppDelegate.swift in Sources */,
				4853469F26C2247D009752EA /* sFlora.xcdatamodeld in Sources */,
				4853469726C2247D009752EA /* SceneDelegate.swift in Sources */,
			);
			runOnlyForDeploymentPostprocessing = 0;
		};
/* End PBXSourcesBuildPhase section */

/* Begin PBXVariantGroup section */
		4853469A26C2247D009752EA /* Main.storyboard */ = {
			isa = PBXVariantGroup;
			children = (
				4853469B26C2247D009752EA /* Base */,
			);
			name = Main.storyboard;
			sourceTree = "<group>";
		};
		485346A226C2247F009752EA /* LaunchScreen.storyboard */ = {
			isa = PBXVariantGroup;
			children = (
				485346A326C2247F009752EA /* Base */,
			);
			name = LaunchScreen.storyboard;
			sourceTree = "<group>";
		};
/* End PBXVariantGroup section */

/* Begin XCBuildConfiguration section */
		485346A626C2247F009752EA /* Debug */ = {
			isa = XCBuildConfiguration;
			buildSettings = {
				ALWAYS_SEARCH_USER_PATHS = NO;
				CLANG_ANALYZER_NONNULL = YES;
				CLANG_ANALYZER_NUMBER_OBJECT_CONVERSION = YES_AGGRESSIVE;
				CLANG_CXX_LANGUAGE_STANDARD = "gnu++14";
				CLANG_CXX_LIBRARY = "libc++";
				CLANG_ENABLE_MODULES = YES;
				CLANG_ENABLE_OBJC_ARC = YES;
				CLANG_ENABLE_OBJC_WEAK = YES;
				CLANG_WARN_BLOCK_CAPTURE_AUTORELEASING = YES;
				CLANG_WARN_BOOL_CONVERSION = YES;
				CLANG_WARN_COMMA = YES;
				CLANG_WARN_CONSTANT_CONVERSION = YES;
				CLANG_WARN_DEPRECATED_OBJC_IMPLEMENTATIONS = YES;
				CLANG_WARN_DIRECT_OBJC_ISA_USAGE = YES_ERROR;
				CLANG_WARN_DOCUMENTATION_COMMENTS = YES;
				CLANG_WARN_EMPTY_BODY = YES;
				CLANG_WARN_ENUM_CONVERSION = YES;
				CLANG_WARN_INFINITE_RECURSION = YES;
				CLANG_WARN_INT_CONVERSION = YES;
				CLANG_WARN_NON_LITERAL_NULL_CONVERSION = YES;
				CLANG_WARN_OBJC_IMPLICIT_RETAIN_SELF = YES;
				CLANG_WARN_OBJC_LITERAL_CONVERSION = YES;
				CLANG_WARN_OBJC_ROOT_CLASS = YES_ERROR;
				CLANG_WARN_QUOTED_INCLUDE_IN_FRAMEWORK_HEADER = YES;
				CLANG_WARN_RANGE_LOOP_ANALYSIS = YES;
				CLANG_WARN_STRICT_PROTOTYPES = YES;
				CLANG_WARN_SUSPICIOUS_MOVE = YES;
				CLANG_WARN_UNGUARDED_AVAILABILITY = YES_AGGRESSIVE;
				CLANG_WARN_UNREACHABLE_CODE = YES;
				CLANG_WARN__DUPLICATE_METHOD_MATCH = YES;
				COPY_PHASE_STRIP = NO;
				DEBUG_INFORMATION_FORMAT = dwarf;
				ENABLE_STRICT_OBJC_MSGSEND = YES;
				ENABLE_TESTABILITY = YES;
				GCC_C_LANGUAGE_STANDARD = gnu11;
				GCC_DYNAMIC_NO_PIC = NO;
				GCC_NO_COMMON_BLOCKS = YES;
				GCC_OPTIMIZATION_LEVEL = 0;
				GCC_PREPROCESSOR_DEFINITIONS = (
					"DEBUG=1",
					"$(inherited)",
				);
				GCC_WARN_64_TO_32_BIT_CONVERSION = YES;
				GCC_WARN_ABOUT_RETURN_TYPE = YES_ERROR;
				GCC_WARN_UNDECLARED_SELECTOR = YES;
				GCC_WARN_UNINITIALIZED_AUTOS = YES_AGGRESSIVE;
				GCC_WARN_UNUSED_FUNCTION = YES;
				GCC_WARN_UNUSED_VARIABLE = YES;
				IPHONEOS_DEPLOYMENT_TARGET = 14.5;
				MTL_ENABLE_DEBUG_INFO = INCLUDE_SOURCE;
				MTL_FAST_MATH = YES;
				ONLY_ACTIVE_ARCH = YES;
				SDKROOT = iphoneos;
				SWIFT_ACTIVE_COMPILATION_CONDITIONS = DEBUG;
				SWIFT_OPTIMIZATION_LEVEL = "-Onone";
			};
			name = Debug;
		};
		485346A726C2247F009752EA /* Release */ = {
			isa = XCBuildConfiguration;
			buildSettings = {
				ALWAYS_SEARCH_USER_PATHS = NO;
				CLANG_ANALYZER_NONNULL = YES;
				CLANG_ANALYZER_NUMBER_OBJECT_CONVERSION = YES_AGGRESSIVE;
				CLANG_CXX_LANGUAGE_STANDARD = "gnu++14";
				CLANG_CXX_LIBRARY = "libc++";
				CLANG_ENABLE_MODULES = YES;
				CLANG_ENABLE_OBJC_ARC = YES;
				CLANG_ENABLE_OBJC_WEAK = YES;
				CLANG_WARN_BLOCK_CAPTURE_AUTORELEASING = YES;
				CLANG_WARN_BOOL_CONVERSION = YES;
				CLANG_WARN_COMMA = YES;
				CLANG_WARN_CONSTANT_CONVERSION = YES;
				CLANG_WARN_DEPRECATED_OBJC_IMPLEMENTATIONS = YES;
				CLANG_WARN_DIRECT_OBJC_ISA_USAGE = YES_ERROR;
				CLANG_WARN_DOCUMENTATION_COMMENTS = YES;
				CLANG_WARN_EMPTY_BODY = YES;
				CLANG_WARN_ENUM_CONVERSION = YES;
				CLANG_WARN_INFINITE_RECURSION = YES;
				CLANG_WARN_INT_CONVERSION = YES;
				CLANG_WARN_NON_LITERAL_NULL_CONVERSION = YES;
				CLANG_WARN_OBJC_IMPLICIT_RETAIN_SELF = YES;
				CLANG_WARN_OBJC_LITERAL_CONVERSION = YES;
				CLANG_WARN_OBJC_ROOT_CLASS = YES_ERROR;
				CLANG_WARN_QUOTED_INCLUDE_IN_FRAMEWORK_HEADER = YES;
				CLANG_WARN_RANGE_LOOP_ANALYSIS = YES;
				CLANG_WARN_STRICT_PROTOTYPES = YES;
				CLANG_WARN_SUSPICIOUS_MOVE = YES;
				CLANG_WARN_UNGUARDED_AVAILABILITY = YES_AGGRESSIVE;
				CLANG_WARN_UNREACHABLE_CODE = YES;
				CLANG_WARN__DUPLICATE_METHOD_MATCH = YES;
				COPY_PHASE_STRIP = NO;
				DEBUG_INFORMATION_FORMAT = "dwarf-with-dsym";
				ENABLE_NS_ASSERTIONS = NO;
				ENABLE_STRICT_OBJC_MSGSEND = YES;
				GCC_C_LANGUAGE_STANDARD = gnu11;
				GCC_NO_COMMON_BLOCKS = YES;
				GCC_WARN_64_TO_32_BIT_CONVERSION = YES;
				GCC_WARN_ABOUT_RETURN_TYPE = YES_ERROR;
				GCC_WARN_UNDECLARED_SELECTOR = YES;
				GCC_WARN_UNINITIALIZED_AUTOS = YES_AGGRESSIVE;
				GCC_WARN_UNUSED_FUNCTION = YES;
				GCC_WARN_UNUSED_VARIABLE = YES;
				IPHONEOS_DEPLOYMENT_TARGET = 14.5;
				MTL_ENABLE_DEBUG_INFO = NO;
				MTL_FAST_MATH = YES;
				SDKROOT = iphoneos;
				SWIFT_COMPILATION_MODE = wholemodule;
				SWIFT_OPTIMIZATION_LEVEL = "-O";
				VALIDATE_PRODUCT = YES;
			};
			name = Release;
		};
		485346A926C2247F009752EA /* Debug */ = {
			isa = XCBuildConfiguration;
			buildSettings = {
				ASSETCATALOG_COMPILER_APPICON_NAME = AppIcon;
				ASSETCATALOG_COMPILER_GLOBAL_ACCENT_COLOR_NAME = AccentColor;
				CODE_SIGN_STYLE = Automatic;
				DEVELOPMENT_TEAM = 68QLQDXK9K;
				INFOPLIST_FILE = sFlora/Info.plist;
				LD_RUNPATH_SEARCH_PATHS = (
					"$(inherited)",
					"@executable_path/Frameworks",
				);
				PRODUCT_BUNDLE_IDENTIFIER = com.adityamittal.CoreDataTest.sFlora;
				PRODUCT_NAME = "$(TARGET_NAME)";
				SWIFT_VERSION = 5.0;
				TARGETED_DEVICE_FAMILY = "1,2";
			};
			name = Debug;
		};
		485346AA26C2247F009752EA /* Release */ = {
			isa = XCBuildConfiguration;
			buildSettings = {
				ASSETCATALOG_COMPILER_APPICON_NAME = AppIcon;
				ASSETCATALOG_COMPILER_GLOBAL_ACCENT_COLOR_NAME = AccentColor;
				CODE_SIGN_STYLE = Automatic;
				DEVELOPMENT_TEAM = 68QLQDXK9K;
				INFOPLIST_FILE = sFlora/Info.plist;
				LD_RUNPATH_SEARCH_PATHS = (
					"$(inherited)",
					"@executable_path/Frameworks",
				);
				PRODUCT_BUNDLE_IDENTIFIER = com.adityamittal.CoreDataTest.sFlora;
				PRODUCT_NAME = "$(TARGET_NAME)";
				SWIFT_VERSION = 5.0;
				TARGETED_DEVICE_FAMILY = "1,2";
			};
			name = Release;
		};
/* End XCBuildConfiguration section */

/* Begin XCConfigurationList section */
		4853468C26C2247D009752EA /* Build configuration list for PBXProject "sFlora" */ = {
			isa = XCConfigurationList;
			buildConfigurations = (
				485346A626C2247F009752EA /* Debug */,
				485346A726C2247F009752EA /* Release */,
			);
			defaultConfigurationIsVisible = 0;
			defaultConfigurationName = Release;
		};
		485346A826C2247F009752EA /* Build configuration list for PBXNativeTarget "sFlora" */ = {
			isa = XCConfigurationList;
			buildConfigurations = (
				485346A926C2247F009752EA /* Debug */,
				485346AA26C2247F009752EA /* Release */,
			);
			defaultConfigurationIsVisible = 0;
			defaultConfigurationName = Release;
		};
/* End XCConfigurationList section */

/* Begin XCVersionGroup section */
		4853469D26C2247D009752EA /* sFlora.xcdatamodeld */ = {
			isa = XCVersionGroup;
			children = (
				4853469E26C2247D009752EA /* sFlora.xcdatamodel */,
			);
			currentVersion = 4853469E26C2247D009752EA /* sFlora.xcdatamodel */;
			path = sFlora.xcdatamodeld;
			sourceTree = "<group>";
			versionGroupType = wrapper.xcdatamodel;
		};
/* End XCVersionGroup section */
	};
	rootObject = 4853468926C2247D009752EA /* Project object */;
}
